
Microsoft Visual Studio Solution File, Format Version 12.00
# Visual Studio Version 17
VisualStudioVersion = 17.7.33906.173
MinimumVisualStudioVersion = 10.0.40219.1
Project("{9A19103F-16F7-4668-BE54-9A1E7A4F7556}") = "ControllerGenerator", "ControllerGenerator\ControllerGenerator.csproj", "{0D5A8603-8094-4347-9CED-CC26A0842045}"
EndProject
Project("{9A19103F-16F7-4668-BE54-9A1E7A4F7556}") = "ControllerGenerator.Abstraction", "ControllerGenerator.Abstraction\ControllerGenerator.Abstraction.csproj", "{78F90A23-650A-4C3A-BE5B-78D4BF2163DA}"
EndProject
Global
	GlobalSection(SolutionConfigurationPlatforms) = preSolution
		Debug|Any CPU = Debug|Any CPU
		Release|Any CPU = Release|Any CPU
	EndGlobalSection
	GlobalSection(ProjectConfigurationPlatforms) = postSolution
		{0D5A8603-8094-4347-9CED-CC26A0842045}.Debug|Any CPU.ActiveCfg = Debug|Any CPU
		{0D5A8603-8094-4347-9CED-CC26A0842045}.Debug|Any CPU.Build.0 = Debug|Any CPU
		{0D5A8603-8094-4347-9CED-CC26A0842045}.Release|Any CPU.ActiveCfg = Release|Any CPU
		{0D5A8603-8094-4347-9CED-CC26A0842045}.Release|Any CPU.Build.0 = Release|Any CPU
		{78F90A23-650A-4C3A-BE5B-78D4BF2163DA}.Debug|Any CPU.ActiveCfg = Debug|Any CPU
		{78F90A23-650A-4C3A-BE5B-78D4BF2163DA}.Debug|Any CPU.Build.0 = Debug|Any CPU
		{78F90A23-650A-4C3A-BE5B-78D4BF2163DA}.Release|Any CPU.ActiveCfg = Release|Any CPU
		{78F90A23-650A-4C3A-BE5B-78D4BF2163DA}.Release|Any CPU.Build.0 = Release|Any CPU
	EndGlobalSection
	GlobalSection(SolutionProperties) = preSolution
		HideSolutionNode = FALSE
	EndGlobalSection
	GlobalSection(ExtensibilityGlobals) = postSolution
		SolutionGuid = {DE7BF48D-3E25-4BDE-8D3A-D9FF96E2D9BC}
	EndGlobalSection
EndGlobal
